// !$*UTF8*$!
{
	archiveVersion = 1;
	classes = {
	};
	objectVersion = 48;
	objects = {

/* Begin PBXBuildFile section */
		13A1EDF994552AF1212E27BE /* Pods_AniRollUITests.framework in Frameworks */ = {isa = PBXBuildFile; fileRef = 8303B4E1F1E7CC475CA73534 /* Pods_AniRollUITests.framework */; };
		2C1C8F2C1FBCFC9200EBC638 /* WSBase.swift in Sources */ = {isa = PBXBuildFile; fileRef = 2C1C8F2B1FBCFC9200EBC638 /* WSBase.swift */; };
		2C1C8F2E1FBD00E400EBC638 /* WSAuthentication.swift in Sources */ = {isa = PBXBuildFile; fileRef = 2C1C8F2D1FBD00E400EBC638 /* WSAuthentication.swift */; };
		2C1C8F321FBD242B00EBC638 /* WSUser.swift in Sources */ = {isa = PBXBuildFile; fileRef = 2C1C8F311FBD242B00EBC638 /* WSUser.swift */; };
		2C1C8F331FBDFA3400EBC638 /* Serie.swift in Sources */ = {isa = PBXBuildFile; fileRef = 2C8867DE1FBA69D300CB63C3 /* Serie.swift */; };
		2C1C8F351FBE1F7900EBC638 /* WSSeries.swift in Sources */ = {isa = PBXBuildFile; fileRef = 2C1C8F341FBE1F7800EBC638 /* WSSeries.swift */; };
		2C1C8F371FBE5FCB00EBC638 /* WSCharacters.swift in Sources */ = {isa = PBXBuildFile; fileRef = 2C1C8F361FBE5FCB00EBC638 /* WSCharacters.swift */; };
		2C1C8F391FBE624F00EBC638 /* WSStaff.swift in Sources */ = {isa = PBXBuildFile; fileRef = 2C1C8F381FBE624F00EBC638 /* WSStaff.swift */; };
		2C1C8F3B1FBE641A00EBC638 /* WSStudio.swift in Sources */ = {isa = PBXBuildFile; fileRef = 2C1C8F3A1FBE641A00EBC638 /* WSStudio.swift */; };
		2C1C8F3D1FBE654D00EBC638 /* WSReviews.swift in Sources */ = {isa = PBXBuildFile; fileRef = 2C1C8F3C1FBE654D00EBC638 /* WSReviews.swift */; };
		2C1C8F3F1FBE6E7100EBC638 /* WSForum.swift in Sources */ = {isa = PBXBuildFile; fileRef = 2C1C8F3E1FBE6E7100EBC638 /* WSForum.swift */; };
		2C1C8F411FBE6ED100EBC638 /* Tag.swift in Sources */ = {isa = PBXBuildFile; fileRef = 2C1C8F401FBE6ED100EBC638 /* Tag.swift */; };
		2C1C8F431FBE772600EBC638 /* Thread.swift in Sources */ = {isa = PBXBuildFile; fileRef = 2C1C8F421FBE772600EBC638 /* Thread.swift */; };
		2C1C8F451FBE7AC700EBC638 /* Comment.swift in Sources */ = {isa = PBXBuildFile; fileRef = 2C1C8F441FBE7AC700EBC638 /* Comment.swift */; };
		2C4AA0BA1FC884A100FFEEC7 /* Genre.swift in Sources */ = {isa = PBXBuildFile; fileRef = 2C4AA0B91FC884A100FFEEC7 /* Genre.swift */; };
		2C4AA0BC1FC8B21A00FFEEC7 /* SerieCollectionViewCell.swift in Sources */ = {isa = PBXBuildFile; fileRef = 2C4AA0BB1FC8B21A00FFEEC7 /* SerieCollectionViewCell.swift */; };
		2C6AA7251FB63359009E5468 /* LoginViewController.swift in Sources */ = {isa = PBXBuildFile; fileRef = 2C6AA7241FB63359009E5468 /* LoginViewController.swift */; };
		2C73CB761FB601CE00733C0D /* AppDelegate.swift in Sources */ = {isa = PBXBuildFile; fileRef = 2C73CB751FB601CE00733C0D /* AppDelegate.swift */; };
		2C73CB781FB601CE00733C0D /* ViewController.swift in Sources */ = {isa = PBXBuildFile; fileRef = 2C73CB771FB601CE00733C0D /* ViewController.swift */; };
		2C73CB7B1FB601CE00733C0D /* Main.storyboard in Resources */ = {isa = PBXBuildFile; fileRef = 2C73CB791FB601CE00733C0D /* Main.storyboard */; };
		2C73CB7D1FB601CE00733C0D /* Assets.xcassets in Resources */ = {isa = PBXBuildFile; fileRef = 2C73CB7C1FB601CE00733C0D /* Assets.xcassets */; };
		2C73CB801FB601CE00733C0D /* LaunchScreen.storyboard in Resources */ = {isa = PBXBuildFile; fileRef = 2C73CB7E1FB601CE00733C0D /* LaunchScreen.storyboard */; };
		2C73CB8B1FB601CE00733C0D /* AniRollTests.swift in Sources */ = {isa = PBXBuildFile; fileRef = 2C73CB8A1FB601CE00733C0D /* AniRollTests.swift */; };
		2C73CB961FB601CE00733C0D /* AniRollUITests.swift in Sources */ = {isa = PBXBuildFile; fileRef = 2C73CB951FB601CE00733C0D /* AniRollUITests.swift */; };
		2C73FE4D1FC4A03600D7BAFD /* WSUserLists.swift in Sources */ = {isa = PBXBuildFile; fileRef = 2C73FE4C1FC4A03600D7BAFD /* WSUserLists.swift */; };
		2C73FE501FC4C2F700D7BAFD /* LoginViewTextFields.swift in Sources */ = {isa = PBXBuildFile; fileRef = 2C73FE4F1FC4C2F700D7BAFD /* LoginViewTextFields.swift */; };
		2C73FE521FC4D22000D7BAFD /* Extensions.swift in Sources */ = {isa = PBXBuildFile; fileRef = 2C73FE511FC4D22000D7BAFD /* Extensions.swift */; };
		2C73FE561FC4D4F500D7BAFD /* MainLoadingActivity.swift in Sources */ = {isa = PBXBuildFile; fileRef = 2C73FE551FC4D4F500D7BAFD /* MainLoadingActivity.swift */; };
		2C73FE591FC4ED8700D7BAFD /* App.swift in Sources */ = {isa = PBXBuildFile; fileRef = 2C73FE581FC4ED8700D7BAFD /* App.swift */; };
		2C73FE5B1FC4F1ED00D7BAFD /* AlertController.swift in Sources */ = {isa = PBXBuildFile; fileRef = 2C73FE5A1FC4F1ED00D7BAFD /* AlertController.swift */; };
		2C73FE611FC50EDB00D7BAFD /* AnimeViewController.swift in Sources */ = {isa = PBXBuildFile; fileRef = 2C73FE601FC50EDB00D7BAFD /* AnimeViewController.swift */; };
		2C73FE641FC50F3E00D7BAFD /* MangaViewController.swift in Sources */ = {isa = PBXBuildFile; fileRef = 2C73FE631FC50F3E00D7BAFD /* MangaViewController.swift */; };
		2C73FE671FC50F5F00D7BAFD /* SocialViewController.swift in Sources */ = {isa = PBXBuildFile; fileRef = 2C73FE661FC50F5F00D7BAFD /* SocialViewController.swift */; };
		2C73FE6A1FC5EAA500D7BAFD /* MainViewController.swift in Sources */ = {isa = PBXBuildFile; fileRef = 2C73FE691FC5EAA500D7BAFD /* MainViewController.swift */; };
		2C73FE6C1FC642B700D7BAFD /* MainViewScrollView.swift in Sources */ = {isa = PBXBuildFile; fileRef = 2C73FE6B1FC642B600D7BAFD /* MainViewScrollView.swift */; };
		2C73FE6F1FC662A300D7BAFD /* MenuViewController.swift in Sources */ = {isa = PBXBuildFile; fileRef = 2C73FE6E1FC662A300D7BAFD /* MenuViewController.swift */; };
		2C73FE711FC66BBC00D7BAFD /* DashboardViewController.swift in Sources */ = {isa = PBXBuildFile; fileRef = 2C73FE701FC66BBC00D7BAFD /* DashboardViewController.swift */; };
		2C8867DB1FBA5BFB00CB63C3 /* User.swift in Sources */ = {isa = PBXBuildFile; fileRef = 2C8867DA1FBA5BFB00CB63C3 /* User.swift */; };
		2C8867DD1FBA685C00CB63C3 /* StringObject.swift in Sources */ = {isa = PBXBuildFile; fileRef = 2C8867DC1FBA685C00CB63C3 /* StringObject.swift */; };
		2C8867E11FBA6B4400CB63C3 /* ListStats.swift in Sources */ = {isa = PBXBuildFile; fileRef = 2C8867E01FBA6B4400CB63C3 /* ListStats.swift */; };
		2C8867E31FBA6B9300CB63C3 /* ScoreDistribution.swift in Sources */ = {isa = PBXBuildFile; fileRef = 2C8867E21FBA6B9300CB63C3 /* ScoreDistribution.swift */; };
		2C8867E51FBA6E5500CB63C3 /* Media.swift in Sources */ = {isa = PBXBuildFile; fileRef = 2C8867E41FBA6E5500CB63C3 /* Media.swift */; };
		2C8867E71FBA6F9F00CB63C3 /* Status.swift in Sources */ = {isa = PBXBuildFile; fileRef = 2C8867E61FBA6F9F00CB63C3 /* Status.swift */; };
		2C8867E91FBA70FD00CB63C3 /* AnimeSource.swift in Sources */ = {isa = PBXBuildFile; fileRef = 2C8867E81FBA70FD00CB63C3 /* AnimeSource.swift */; };
		2C8867EB1FBA717D00CB63C3 /* Character.swift in Sources */ = {isa = PBXBuildFile; fileRef = 2C8867EA1FBA717D00CB63C3 /* Character.swift */; };
		2C8867ED1FBA726B00CB63C3 /* Staff.swift in Sources */ = {isa = PBXBuildFile; fileRef = 2C8867EC1FBA726B00CB63C3 /* Staff.swift */; };
		2C8867EF1FBA72EC00CB63C3 /* Studio.swift in Sources */ = {isa = PBXBuildFile; fileRef = 2C8867EE1FBA72EC00CB63C3 /* Studio.swift */; };
		2C8867F11FBA751200CB63C3 /* Review.swift in Sources */ = {isa = PBXBuildFile; fileRef = 2C8867F01FBA751200CB63C3 /* Review.swift */; };
		2C8867F31FBA76A000CB63C3 /* Anime.swift in Sources */ = {isa = PBXBuildFile; fileRef = 2C8867F21FBA76A000CB63C3 /* Anime.swift */; };
		2C8867F51FBA78E600CB63C3 /* Manga.swift in Sources */ = {isa = PBXBuildFile; fileRef = 2C8867F41FBA78E600CB63C3 /* Manga.swift */; };
		2C98D4261FC79FB900284052 /* AccessToken.swift in Sources */ = {isa = PBXBuildFile; fileRef = 2C98D4251FC79FB900284052 /* AccessToken.swift */; };
		8319349CED12F54F509A9640 /* Pods_AniRoll.framework in Frameworks */ = {isa = PBXBuildFile; fileRef = FA7512248E1ECDC3EBA33248 /* Pods_AniRoll.framework */; };
		E98AC13570F33C611911B649 /* Pods_AniRollTests.framework in Frameworks */ = {isa = PBXBuildFile; fileRef = 5D2FD403D318383DBA92FAEA /* Pods_AniRollTests.framework */; };
/* End PBXBuildFile section */

/* Begin PBXContainerItemProxy section */
		2C73CB871FB601CE00733C0D /* PBXContainerItemProxy */ = {
			isa = PBXContainerItemProxy;
			containerPortal = 2C73CB6A1FB601CE00733C0D /* Project object */;
			proxyType = 1;
			remoteGlobalIDString = 2C73CB711FB601CE00733C0D;
			remoteInfo = AniRoll;
		};
		2C73CB921FB601CE00733C0D /* PBXContainerItemProxy */ = {
			isa = PBXContainerItemProxy;
			containerPortal = 2C73CB6A1FB601CE00733C0D /* Project object */;
			proxyType = 1;
			remoteGlobalIDString = 2C73CB711FB601CE00733C0D;
			remoteInfo = AniRoll;
		};
/* End PBXContainerItemProxy section */

/* Begin PBXFileReference section */
		2C057DE6F152AD972954064E /* Pods-AniRollTests.debug.xcconfig */ = {isa = PBXFileReference; includeInIndex = 1; lastKnownFileType = text.xcconfig; name = "Pods-AniRollTests.debug.xcconfig"; path = "Pods/Target Support Files/Pods-AniRollTests/Pods-AniRollTests.debug.xcconfig"; sourceTree = "<group>"; };
		2C1C8F2B1FBCFC9200EBC638 /* WSBase.swift */ = {isa = PBXFileReference; lastKnownFileType = sourcecode.swift; path = WSBase.swift; sourceTree = "<group>"; };
		2C1C8F2D1FBD00E400EBC638 /* WSAuthentication.swift */ = {isa = PBXFileReference; lastKnownFileType = sourcecode.swift; path = WSAuthentication.swift; sourceTree = "<group>"; };
		2C1C8F2F1FBD0BA900EBC638 /* _AccessToken.swift */ = {isa = PBXFileReference; lastKnownFileType = sourcecode.swift; path = _AccessToken.swift; sourceTree = "<group>"; };
		2C1C8F311FBD242B00EBC638 /* WSUser.swift */ = {isa = PBXFileReference; lastKnownFileType = sourcecode.swift; path = WSUser.swift; sourceTree = "<group>"; };
		2C1C8F341FBE1F7800EBC638 /* WSSeries.swift */ = {isa = PBXFileReference; lastKnownFileType = sourcecode.swift; path = WSSeries.swift; sourceTree = "<group>"; };
		2C1C8F361FBE5FCB00EBC638 /* WSCharacters.swift */ = {isa = PBXFileReference; lastKnownFileType = sourcecode.swift; path = WSCharacters.swift; sourceTree = "<group>"; };
		2C1C8F381FBE624F00EBC638 /* WSStaff.swift */ = {isa = PBXFileReference; lastKnownFileType = sourcecode.swift; path = WSStaff.swift; sourceTree = "<group>"; };
		2C1C8F3A1FBE641A00EBC638 /* WSStudio.swift */ = {isa = PBXFileReference; lastKnownFileType = sourcecode.swift; path = WSStudio.swift; sourceTree = "<group>"; };
		2C1C8F3C1FBE654D00EBC638 /* WSReviews.swift */ = {isa = PBXFileReference; lastKnownFileType = sourcecode.swift; path = WSReviews.swift; sourceTree = "<group>"; };
		2C1C8F3E1FBE6E7100EBC638 /* WSForum.swift */ = {isa = PBXFileReference; lastKnownFileType = sourcecode.swift; path = WSForum.swift; sourceTree = "<group>"; };
		2C1C8F401FBE6ED100EBC638 /* Tag.swift */ = {isa = PBXFileReference; lastKnownFileType = sourcecode.swift; path = Tag.swift; sourceTree = "<group>"; };
		2C1C8F421FBE772600EBC638 /* Thread.swift */ = {isa = PBXFileReference; lastKnownFileType = sourcecode.swift; path = Thread.swift; sourceTree = "<group>"; };
		2C1C8F441FBE7AC700EBC638 /* Comment.swift */ = {isa = PBXFileReference; lastKnownFileType = sourcecode.swift; path = Comment.swift; sourceTree = "<group>"; };
		2C4AA0B91FC884A100FFEEC7 /* Genre.swift */ = {isa = PBXFileReference; lastKnownFileType = sourcecode.swift; path = Genre.swift; sourceTree = "<group>"; };
		2C4AA0BB1FC8B21A00FFEEC7 /* SerieCollectionViewCell.swift */ = {isa = PBXFileReference; lastKnownFileType = sourcecode.swift; path = SerieCollectionViewCell.swift; sourceTree = "<group>"; };
		2C6AA7241FB63359009E5468 /* LoginViewController.swift */ = {isa = PBXFileReference; lastKnownFileType = sourcecode.swift; path = LoginViewController.swift; sourceTree = "<group>"; };
		2C73CB721FB601CE00733C0D /* AniRoll.app */ = {isa = PBXFileReference; explicitFileType = wrapper.application; includeInIndex = 0; path = AniRoll.app; sourceTree = BUILT_PRODUCTS_DIR; };
		2C73CB751FB601CE00733C0D /* AppDelegate.swift */ = {isa = PBXFileReference; lastKnownFileType = sourcecode.swift; path = AppDelegate.swift; sourceTree = "<group>"; };
		2C73CB771FB601CE00733C0D /* ViewController.swift */ = {isa = PBXFileReference; lastKnownFileType = sourcecode.swift; path = ViewController.swift; sourceTree = "<group>"; };
		2C73CB7A1FB601CE00733C0D /* Base */ = {isa = PBXFileReference; lastKnownFileType = file.storyboard; name = Base; path = Base.lproj/Main.storyboard; sourceTree = "<group>"; };
		2C73CB7C1FB601CE00733C0D /* Assets.xcassets */ = {isa = PBXFileReference; lastKnownFileType = folder.assetcatalog; path = Assets.xcassets; sourceTree = "<group>"; };
		2C73CB7F1FB601CE00733C0D /* Base */ = {isa = PBXFileReference; lastKnownFileType = file.storyboard; name = Base; path = Base.lproj/LaunchScreen.storyboard; sourceTree = "<group>"; };
		2C73CB811FB601CE00733C0D /* Info.plist */ = {isa = PBXFileReference; lastKnownFileType = text.plist.xml; path = Info.plist; sourceTree = "<group>"; };
		2C73CB861FB601CE00733C0D /* AniRollTests.xctest */ = {isa = PBXFileReference; explicitFileType = wrapper.cfbundle; includeInIndex = 0; path = AniRollTests.xctest; sourceTree = BUILT_PRODUCTS_DIR; };
		2C73CB8A1FB601CE00733C0D /* AniRollTests.swift */ = {isa = PBXFileReference; lastKnownFileType = sourcecode.swift; path = AniRollTests.swift; sourceTree = "<group>"; };
		2C73CB8C1FB601CE00733C0D /* Info.plist */ = {isa = PBXFileReference; lastKnownFileType = text.plist.xml; path = Info.plist; sourceTree = "<group>"; };
		2C73CB911FB601CE00733C0D /* AniRollUITests.xctest */ = {isa = PBXFileReference; explicitFileType = wrapper.cfbundle; includeInIndex = 0; path = AniRollUITests.xctest; sourceTree = BUILT_PRODUCTS_DIR; };
		2C73CB951FB601CE00733C0D /* AniRollUITests.swift */ = {isa = PBXFileReference; lastKnownFileType = sourcecode.swift; path = AniRollUITests.swift; sourceTree = "<group>"; };
		2C73CB971FB601CE00733C0D /* Info.plist */ = {isa = PBXFileReference; lastKnownFileType = text.plist.xml; path = Info.plist; sourceTree = "<group>"; };
		2C73FE4C1FC4A03600D7BAFD /* WSUserLists.swift */ = {isa = PBXFileReference; lastKnownFileType = sourcecode.swift; path = WSUserLists.swift; sourceTree = "<group>"; };
		2C73FE4F1FC4C2F700D7BAFD /* LoginViewTextFields.swift */ = {isa = PBXFileReference; lastKnownFileType = sourcecode.swift; path = LoginViewTextFields.swift; sourceTree = "<group>"; };
		2C73FE511FC4D22000D7BAFD /* Extensions.swift */ = {isa = PBXFileReference; lastKnownFileType = sourcecode.swift; path = Extensions.swift; sourceTree = "<group>"; };
		2C73FE551FC4D4F500D7BAFD /* MainLoadingActivity.swift */ = {isa = PBXFileReference; lastKnownFileType = sourcecode.swift; path = MainLoadingActivity.swift; sourceTree = "<group>"; };
		2C73FE581FC4ED8700D7BAFD /* App.swift */ = {isa = PBXFileReference; lastKnownFileType = sourcecode.swift; path = App.swift; sourceTree = "<group>"; };
		2C73FE5A1FC4F1ED00D7BAFD /* AlertController.swift */ = {isa = PBXFileReference; lastKnownFileType = sourcecode.swift; path = AlertController.swift; sourceTree = "<group>"; };
		2C73FE601FC50EDB00D7BAFD /* AnimeViewController.swift */ = {isa = PBXFileReference; fileEncoding = 4; lastKnownFileType = sourcecode.swift; path = AnimeViewController.swift; sourceTree = "<group>"; };
		2C73FE631FC50F3E00D7BAFD /* MangaViewController.swift */ = {isa = PBXFileReference; lastKnownFileType = sourcecode.swift; path = MangaViewController.swift; sourceTree = "<group>"; };
		2C73FE661FC50F5F00D7BAFD /* SocialViewController.swift */ = {isa = PBXFileReference; lastKnownFileType = sourcecode.swift; path = SocialViewController.swift; sourceTree = "<group>"; };
		2C73FE691FC5EAA500D7BAFD /* MainViewController.swift */ = {isa = PBXFileReference; lastKnownFileType = sourcecode.swift; path = MainViewController.swift; sourceTree = "<group>"; };
		2C73FE6B1FC642B600D7BAFD /* MainViewScrollView.swift */ = {isa = PBXFileReference; lastKnownFileType = sourcecode.swift; path = MainViewScrollView.swift; sourceTree = "<group>"; };
		2C73FE6E1FC662A300D7BAFD /* MenuViewController.swift */ = {isa = PBXFileReference; lastKnownFileType = sourcecode.swift; path = MenuViewController.swift; sourceTree = "<group>"; };
		2C73FE701FC66BBC00D7BAFD /* DashboardViewController.swift */ = {isa = PBXFileReference; lastKnownFileType = sourcecode.swift; path = DashboardViewController.swift; sourceTree = "<group>"; };
		2C8867DA1FBA5BFB00CB63C3 /* User.swift */ = {isa = PBXFileReference; lastKnownFileType = sourcecode.swift; path = User.swift; sourceTree = "<group>"; };
		2C8867DC1FBA685C00CB63C3 /* StringObject.swift */ = {isa = PBXFileReference; lastKnownFileType = sourcecode.swift; path = StringObject.swift; sourceTree = "<group>"; };
		2C8867DE1FBA69D300CB63C3 /* Serie.swift */ = {isa = PBXFileReference; lastKnownFileType = sourcecode.swift; path = Serie.swift; sourceTree = "<group>"; };
		2C8867E01FBA6B4400CB63C3 /* ListStats.swift */ = {isa = PBXFileReference; lastKnownFileType = sourcecode.swift; path = ListStats.swift; sourceTree = "<group>"; };
		2C8867E21FBA6B9300CB63C3 /* ScoreDistribution.swift */ = {isa = PBXFileReference; lastKnownFileType = sourcecode.swift; path = ScoreDistribution.swift; sourceTree = "<group>"; };
		2C8867E41FBA6E5500CB63C3 /* Media.swift */ = {isa = PBXFileReference; lastKnownFileType = sourcecode.swift; path = Media.swift; sourceTree = "<group>"; };
		2C8867E61FBA6F9F00CB63C3 /* Status.swift */ = {isa = PBXFileReference; lastKnownFileType = sourcecode.swift; path = Status.swift; sourceTree = "<group>"; };
		2C8867E81FBA70FD00CB63C3 /* AnimeSource.swift */ = {isa = PBXFileReference; lastKnownFileType = sourcecode.swift; path = AnimeSource.swift; sourceTree = "<group>"; };
		2C8867EA1FBA717D00CB63C3 /* Character.swift */ = {isa = PBXFileReference; lastKnownFileType = sourcecode.swift; path = Character.swift; sourceTree = "<group>"; };
		2C8867EC1FBA726B00CB63C3 /* Staff.swift */ = {isa = PBXFileReference; lastKnownFileType = sourcecode.swift; path = Staff.swift; sourceTree = "<group>"; };
		2C8867EE1FBA72EC00CB63C3 /* Studio.swift */ = {isa = PBXFileReference; lastKnownFileType = sourcecode.swift; path = Studio.swift; sourceTree = "<group>"; };
		2C8867F01FBA751200CB63C3 /* Review.swift */ = {isa = PBXFileReference; lastKnownFileType = sourcecode.swift; path = Review.swift; sourceTree = "<group>"; };
		2C8867F21FBA76A000CB63C3 /* Anime.swift */ = {isa = PBXFileReference; lastKnownFileType = sourcecode.swift; path = Anime.swift; sourceTree = "<group>"; };
		2C8867F41FBA78E600CB63C3 /* Manga.swift */ = {isa = PBXFileReference; lastKnownFileType = sourcecode.swift; path = Manga.swift; sourceTree = "<group>"; };
		2C98D4251FC79FB900284052 /* AccessToken.swift */ = {isa = PBXFileReference; lastKnownFileType = sourcecode.swift; path = AccessToken.swift; sourceTree = "<group>"; };
		4C93CD9042BA2BAF3C7F4B56 /* Pods-AniRoll.debug.xcconfig */ = {isa = PBXFileReference; includeInIndex = 1; lastKnownFileType = text.xcconfig; name = "Pods-AniRoll.debug.xcconfig"; path = "Pods/Target Support Files/Pods-AniRoll/Pods-AniRoll.debug.xcconfig"; sourceTree = "<group>"; };
		5D2FD403D318383DBA92FAEA /* Pods_AniRollTests.framework */ = {isa = PBXFileReference; explicitFileType = wrapper.framework; includeInIndex = 0; path = Pods_AniRollTests.framework; sourceTree = BUILT_PRODUCTS_DIR; };
		8303B4E1F1E7CC475CA73534 /* Pods_AniRollUITests.framework */ = {isa = PBXFileReference; explicitFileType = wrapper.framework; includeInIndex = 0; path = Pods_AniRollUITests.framework; sourceTree = BUILT_PRODUCTS_DIR; };
		91F76130F5042D59414991B5 /* Pods-AniRollUITests.debug.xcconfig */ = {isa = PBXFileReference; includeInIndex = 1; lastKnownFileType = text.xcconfig; name = "Pods-AniRollUITests.debug.xcconfig"; path = "Pods/Target Support Files/Pods-AniRollUITests/Pods-AniRollUITests.debug.xcconfig"; sourceTree = "<group>"; };
		B22783C359B906827A811711 /* Pods-AniRollUITests.release.xcconfig */ = {isa = PBXFileReference; includeInIndex = 1; lastKnownFileType = text.xcconfig; name = "Pods-AniRollUITests.release.xcconfig"; path = "Pods/Target Support Files/Pods-AniRollUITests/Pods-AniRollUITests.release.xcconfig"; sourceTree = "<group>"; };
		C2AD5F61FCD176194A8FEE78 /* Pods-AniRoll.release.xcconfig */ = {isa = PBXFileReference; includeInIndex = 1; lastKnownFileType = text.xcconfig; name = "Pods-AniRoll.release.xcconfig"; path = "Pods/Target Support Files/Pods-AniRoll/Pods-AniRoll.release.xcconfig"; sourceTree = "<group>"; };
		D23A395B932536D014770629 /* Pods-AniRollTests.release.xcconfig */ = {isa = PBXFileReference; includeInIndex = 1; lastKnownFileType = text.xcconfig; name = "Pods-AniRollTests.release.xcconfig"; path = "Pods/Target Support Files/Pods-AniRollTests/Pods-AniRollTests.release.xcconfig"; sourceTree = "<group>"; };
		FA7512248E1ECDC3EBA33248 /* Pods_AniRoll.framework */ = {isa = PBXFileReference; explicitFileType = wrapper.framework; includeInIndex = 0; path = Pods_AniRoll.framework; sourceTree = BUILT_PRODUCTS_DIR; };
/* End PBXFileReference section */

/* Begin PBXFrameworksBuildPhase section */
		2C73CB6F1FB601CE00733C0D /* Frameworks */ = {
			isa = PBXFrameworksBuildPhase;
			buildActionMask = 2147483647;
			files = (
				8319349CED12F54F509A9640 /* Pods_AniRoll.framework in Frameworks */,
			);
			runOnlyForDeploymentPostprocessing = 0;
		};
		2C73CB831FB601CE00733C0D /* Frameworks */ = {
			isa = PBXFrameworksBuildPhase;
			buildActionMask = 2147483647;
			files = (
				E98AC13570F33C611911B649 /* Pods_AniRollTests.framework in Frameworks */,
			);
			runOnlyForDeploymentPostprocessing = 0;
		};
		2C73CB8E1FB601CE00733C0D /* Frameworks */ = {
			isa = PBXFrameworksBuildPhase;
			buildActionMask = 2147483647;
			files = (
				13A1EDF994552AF1212E27BE /* Pods_AniRollUITests.framework in Frameworks */,
			);
			runOnlyForDeploymentPostprocessing = 0;
		};
/* End PBXFrameworksBuildPhase section */

/* Begin PBXGroup section */
		2C1C8F2A1FBCFC6900EBC638 /* Webservices */ = {
			isa = PBXGroup;
			children = (
				2C1C8F2B1FBCFC9200EBC638 /* WSBase.swift */,
				2C1C8F2D1FBD00E400EBC638 /* WSAuthentication.swift */,
				2C1C8F311FBD242B00EBC638 /* WSUser.swift */,
				2C73FE4C1FC4A03600D7BAFD /* WSUserLists.swift */,
				2C1C8F341FBE1F7800EBC638 /* WSSeries.swift */,
				2C1C8F361FBE5FCB00EBC638 /* WSCharacters.swift */,
				2C1C8F381FBE624F00EBC638 /* WSStaff.swift */,
				2C1C8F3A1FBE641A00EBC638 /* WSStudio.swift */,
				2C1C8F3C1FBE654D00EBC638 /* WSReviews.swift */,
				2C1C8F3E1FBE6E7100EBC638 /* WSForum.swift */,
			);
			path = Webservices;
			sourceTree = "<group>";
		};
		2C6AA7221FB632F1009E5468 /* Model */ = {
			isa = PBXGroup;
			children = (
				2C8867DC1FBA685C00CB63C3 /* StringObject.swift */,
				2C8867DA1FBA5BFB00CB63C3 /* User.swift */,
				2C8867DE1FBA69D300CB63C3 /* Serie.swift */,
				2C8867E01FBA6B4400CB63C3 /* ListStats.swift */,
				2C8867E21FBA6B9300CB63C3 /* ScoreDistribution.swift */,
				2C8867E41FBA6E5500CB63C3 /* Media.swift */,
				2C8867E61FBA6F9F00CB63C3 /* Status.swift */,
				2C8867E81FBA70FD00CB63C3 /* AnimeSource.swift */,
				2C8867EA1FBA717D00CB63C3 /* Character.swift */,
				2C8867EC1FBA726B00CB63C3 /* Staff.swift */,
				2C8867EE1FBA72EC00CB63C3 /* Studio.swift */,
				2C8867F01FBA751200CB63C3 /* Review.swift */,
				2C8867F21FBA76A000CB63C3 /* Anime.swift */,
				2C8867F41FBA78E600CB63C3 /* Manga.swift */,
				2C1C8F2F1FBD0BA900EBC638 /* _AccessToken.swift */,
				2C1C8F401FBE6ED100EBC638 /* Tag.swift */,
				2C1C8F421FBE772600EBC638 /* Thread.swift */,
				2C1C8F441FBE7AC700EBC638 /* Comment.swift */,
				2C98D4251FC79FB900284052 /* AccessToken.swift */,
				2C4AA0B91FC884A100FFEEC7 /* Genre.swift */,
			);
			path = Model;
			sourceTree = "<group>";
		};
		2C6AA7231FB632F9009E5468 /* Controller */ = {
			isa = PBXGroup;
			children = (
				2C73FE6D1FC6628600D7BAFD /* Menu */,
				2C73FE681FC5EA8300D7BAFD /* Main */,
				2C73FE651FC50F4100D7BAFD /* Social */,
				2C73FE621FC50EE500D7BAFD /* Manga */,
				2C73FE5F1FC50EDB00D7BAFD /* Anime */,
				2C73FE571FC4ED1600D7BAFD /* Dashboard */,
				2C73FE4E1FC4C2DB00D7BAFD /* Login */,
			);
			path = Controller;
			sourceTree = "<group>";
		};
		2C73CB691FB601CE00733C0D = {
			isa = PBXGroup;
			children = (
				2C73CB741FB601CE00733C0D /* AniRoll */,
				2C73CB891FB601CE00733C0D /* AniRollTests */,
				2C73CB941FB601CE00733C0D /* AniRollUITests */,
				2C73CB731FB601CE00733C0D /* Products */,
				532226D2DAD461FFF8E3DA49 /* Pods */,
				C9457ED7F142B225128F43BE /* Frameworks */,
			);
			sourceTree = "<group>";
		};
		2C73CB731FB601CE00733C0D /* Products */ = {
			isa = PBXGroup;
			children = (
				2C73CB721FB601CE00733C0D /* AniRoll.app */,
				2C73CB861FB601CE00733C0D /* AniRollTests.xctest */,
				2C73CB911FB601CE00733C0D /* AniRollUITests.xctest */,
			);
			name = Products;
			sourceTree = "<group>";
		};
		2C73CB741FB601CE00733C0D /* AniRoll */ = {
			isa = PBXGroup;
			children = (
				2C73CB791FB601CE00733C0D /* Main.storyboard */,
				2C73CB7E1FB601CE00733C0D /* LaunchScreen.storyboard */,
				2C6AA7221FB632F1009E5468 /* Model */,
				2C6AA7231FB632F9009E5468 /* Controller */,
				2C1C8F2A1FBCFC6900EBC638 /* Webservices */,
				2C73FE541FC4D2F700D7BAFD /* Utilities */,
				2C73CB751FB601CE00733C0D /* AppDelegate.swift */,
				2C73CB771FB601CE00733C0D /* ViewController.swift */,
				2C73CB7C1FB601CE00733C0D /* Assets.xcassets */,
				2C73CB811FB601CE00733C0D /* Info.plist */,
				2C73FE581FC4ED8700D7BAFD /* App.swift */,
			);
			path = AniRoll;
			sourceTree = "<group>";
		};
		2C73CB891FB601CE00733C0D /* AniRollTests */ = {
			isa = PBXGroup;
			children = (
				2C73CB8A1FB601CE00733C0D /* AniRollTests.swift */,
				2C73CB8C1FB601CE00733C0D /* Info.plist */,
			);
			path = AniRollTests;
			sourceTree = "<group>";
		};
		2C73CB941FB601CE00733C0D /* AniRollUITests */ = {
			isa = PBXGroup;
			children = (
				2C73CB951FB601CE00733C0D /* AniRollUITests.swift */,
				2C73CB971FB601CE00733C0D /* Info.plist */,
			);
			path = AniRollUITests;
			sourceTree = "<group>";
		};
		2C73FE4E1FC4C2DB00D7BAFD /* Login */ = {
			isa = PBXGroup;
			children = (
				2C6AA7241FB63359009E5468 /* LoginViewController.swift */,
				2C73FE4F1FC4C2F700D7BAFD /* LoginViewTextFields.swift */,
			);
			path = Login;
			sourceTree = "<group>";
		};
		2C73FE541FC4D2F700D7BAFD /* Utilities */ = {
			isa = PBXGroup;
			children = (
				2C73FE511FC4D22000D7BAFD /* Extensions.swift */,
				2C73FE551FC4D4F500D7BAFD /* MainLoadingActivity.swift */,
				2C73FE5A1FC4F1ED00D7BAFD /* AlertController.swift */,
			);
			path = Utilities;
			sourceTree = "<group>";
		};
		2C73FE571FC4ED1600D7BAFD /* Dashboard */ = {
			isa = PBXGroup;
			children = (
				2C73FE701FC66BBC00D7BAFD /* DashboardViewController.swift */,
			);
			path = Dashboard;
			sourceTree = "<group>";
		};
		2C73FE5F1FC50EDB00D7BAFD /* Anime */ = {
			isa = PBXGroup;
			children = (
				2C73FE601FC50EDB00D7BAFD /* AnimeViewController.swift */,
				2C4AA0BB1FC8B21A00FFEEC7 /* SerieCollectionViewCell.swift */,
			);
			path = Anime;
			sourceTree = "<group>";
		};
		2C73FE621FC50EE500D7BAFD /* Manga */ = {
			isa = PBXGroup;
			children = (
				2C73FE631FC50F3E00D7BAFD /* MangaViewController.swift */,
			);
			path = Manga;
			sourceTree = "<group>";
		};
		2C73FE651FC50F4100D7BAFD /* Social */ = {
			isa = PBXGroup;
			children = (
				2C73FE661FC50F5F00D7BAFD /* SocialViewController.swift */,
			);
			path = Social;
			sourceTree = "<group>";
		};
		2C73FE681FC5EA8300D7BAFD /* Main */ = {
			isa = PBXGroup;
			children = (
				2C73FE691FC5EAA500D7BAFD /* MainViewController.swift */,
				2C73FE6B1FC642B600D7BAFD /* MainViewScrollView.swift */,
			);
			path = Main;
			sourceTree = "<group>";
		};
		2C73FE6D1FC6628600D7BAFD /* Menu */ = {
			isa = PBXGroup;
			children = (
				2C73FE6E1FC662A300D7BAFD /* MenuViewController.swift */,
			);
			path = Menu;
			sourceTree = "<group>";
		};
		532226D2DAD461FFF8E3DA49 /* Pods */ = {
			isa = PBXGroup;
			children = (
				4C93CD9042BA2BAF3C7F4B56 /* Pods-AniRoll.debug.xcconfig */,
				C2AD5F61FCD176194A8FEE78 /* Pods-AniRoll.release.xcconfig */,
				2C057DE6F152AD972954064E /* Pods-AniRollTests.debug.xcconfig */,
				D23A395B932536D014770629 /* Pods-AniRollTests.release.xcconfig */,
				91F76130F5042D59414991B5 /* Pods-AniRollUITests.debug.xcconfig */,
				B22783C359B906827A811711 /* Pods-AniRollUITests.release.xcconfig */,
			);
			name = Pods;
			sourceTree = "<group>";
		};
		C9457ED7F142B225128F43BE /* Frameworks */ = {
			isa = PBXGroup;
			children = (
				FA7512248E1ECDC3EBA33248 /* Pods_AniRoll.framework */,
				5D2FD403D318383DBA92FAEA /* Pods_AniRollTests.framework */,
				8303B4E1F1E7CC475CA73534 /* Pods_AniRollUITests.framework */,
			);
			name = Frameworks;
			sourceTree = "<group>";
		};
/* End PBXGroup section */

/* Begin PBXNativeTarget section */
		2C73CB711FB601CE00733C0D /* AniRoll */ = {
			isa = PBXNativeTarget;
			buildConfigurationList = 2C73CB9A1FB601CE00733C0D /* Build configuration list for PBXNativeTarget "AniRoll" */;
			buildPhases = (
				3CAF3C5F70F924EFBFF2A6B6 /* [CP] Check Pods Manifest.lock */,
				2C73CB6E1FB601CE00733C0D /* Sources */,
				2C73CB6F1FB601CE00733C0D /* Frameworks */,
				2C73CB701FB601CE00733C0D /* Resources */,
				9EF6ADC756928818441DFB52 /* [CP] Embed Pods Frameworks */,
				1128BE9385B8271920FE4E9D /* [CP] Copy Pods Resources */,
			);
			buildRules = (
			);
			dependencies = (
			);
			name = AniRoll;
			productName = AniRoll;
			productReference = 2C73CB721FB601CE00733C0D /* AniRoll.app */;
			productType = "com.apple.product-type.application";
		};
		2C73CB851FB601CE00733C0D /* AniRollTests */ = {
			isa = PBXNativeTarget;
			buildConfigurationList = 2C73CB9D1FB601CE00733C0D /* Build configuration list for PBXNativeTarget "AniRollTests" */;
			buildPhases = (
				B0B373852D8105F8D13676F6 /* [CP] Check Pods Manifest.lock */,
				2C73CB821FB601CE00733C0D /* Sources */,
				2C73CB831FB601CE00733C0D /* Frameworks */,
				2C73CB841FB601CE00733C0D /* Resources */,
				3FD2044FEA3B9466889631A7 /* [CP] Embed Pods Frameworks */,
				26A41550867BBF7DDBB7FCFE /* [CP] Copy Pods Resources */,
			);
			buildRules = (
			);
			dependencies = (
				2C73CB881FB601CE00733C0D /* PBXTargetDependency */,
			);
			name = AniRollTests;
			productName = AniRollTests;
			productReference = 2C73CB861FB601CE00733C0D /* AniRollTests.xctest */;
			productType = "com.apple.product-type.bundle.unit-test";
		};
		2C73CB901FB601CE00733C0D /* AniRollUITests */ = {
			isa = PBXNativeTarget;
			buildConfigurationList = 2C73CBA01FB601CE00733C0D /* Build configuration list for PBXNativeTarget "AniRollUITests" */;
			buildPhases = (
				03F5F21012F35F838401161A /* [CP] Check Pods Manifest.lock */,
				2C73CB8D1FB601CE00733C0D /* Sources */,
				2C73CB8E1FB601CE00733C0D /* Frameworks */,
				2C73CB8F1FB601CE00733C0D /* Resources */,
				93948B11069913288A8D212D /* [CP] Embed Pods Frameworks */,
				709693FD3164FFC2FBD1A4F2 /* [CP] Copy Pods Resources */,
			);
			buildRules = (
			);
			dependencies = (
				2C73CB931FB601CE00733C0D /* PBXTargetDependency */,
			);
			name = AniRollUITests;
			productName = AniRollUITests;
			productReference = 2C73CB911FB601CE00733C0D /* AniRollUITests.xctest */;
			productType = "com.apple.product-type.bundle.ui-testing";
		};
/* End PBXNativeTarget section */

/* Begin PBXProject section */
		2C73CB6A1FB601CE00733C0D /* Project object */ = {
			isa = PBXProject;
			attributes = {
				LastSwiftUpdateCheck = 0910;
				LastUpgradeCheck = 0910;
				ORGANIZATIONNAME = "Lech H. Conde";
				TargetAttributes = {
					2C73CB711FB601CE00733C0D = {
						CreatedOnToolsVersion = 9.1;
						ProvisioningStyle = Automatic;
					};
					2C73CB851FB601CE00733C0D = {
						CreatedOnToolsVersion = 9.1;
						ProvisioningStyle = Automatic;
						TestTargetID = 2C73CB711FB601CE00733C0D;
					};
					2C73CB901FB601CE00733C0D = {
						CreatedOnToolsVersion = 9.1;
						ProvisioningStyle = Automatic;
						TestTargetID = 2C73CB711FB601CE00733C0D;
					};
				};
			};
			buildConfigurationList = 2C73CB6D1FB601CE00733C0D /* Build configuration list for PBXProject "AniRoll" */;
			compatibilityVersion = "Xcode 8.0";
			developmentRegion = en;
			hasScannedForEncodings = 0;
			knownRegions = (
				en,
				Base,
			);
			mainGroup = 2C73CB691FB601CE00733C0D;
			productRefGroup = 2C73CB731FB601CE00733C0D /* Products */;
			projectDirPath = "";
			projectRoot = "";
			targets = (
				2C73CB711FB601CE00733C0D /* AniRoll */,
				2C73CB851FB601CE00733C0D /* AniRollTests */,
				2C73CB901FB601CE00733C0D /* AniRollUITests */,
			);
		};
/* End PBXProject section */

/* Begin PBXResourcesBuildPhase section */
		2C73CB701FB601CE00733C0D /* Resources */ = {
			isa = PBXResourcesBuildPhase;
			buildActionMask = 2147483647;
			files = (
				2C73CB801FB601CE00733C0D /* LaunchScreen.storyboard in Resources */,
				2C73CB7D1FB601CE00733C0D /* Assets.xcassets in Resources */,
				2C73CB7B1FB601CE00733C0D /* Main.storyboard in Resources */,
			);
			runOnlyForDeploymentPostprocessing = 0;
		};
		2C73CB841FB601CE00733C0D /* Resources */ = {
			isa = PBXResourcesBuildPhase;
			buildActionMask = 2147483647;
			files = (
			);
			runOnlyForDeploymentPostprocessing = 0;
		};
		2C73CB8F1FB601CE00733C0D /* Resources */ = {
			isa = PBXResourcesBuildPhase;
			buildActionMask = 2147483647;
			files = (
			);
			runOnlyForDeploymentPostprocessing = 0;
		};
/* End PBXResourcesBuildPhase section */

/* Begin PBXShellScriptBuildPhase section */
		03F5F21012F35F838401161A /* [CP] Check Pods Manifest.lock */ = {
			isa = PBXShellScriptBuildPhase;
			buildActionMask = 2147483647;
			files = (
			);
			inputPaths = (
			);
			name = "[CP] Check Pods Manifest.lock";
			outputPaths = (
			);
			runOnlyForDeploymentPostprocessing = 0;
			shellPath = /bin/sh;
			shellScript = "diff \"${PODS_PODFILE_DIR_PATH}/Podfile.lock\" \"${PODS_ROOT}/Manifest.lock\" > /dev/null\nif [ $? != 0 ] ; then\n    # print error to STDERR\n    echo \"error: The sandbox is not in sync with the Podfile.lock. Run 'pod install' or update your CocoaPods installation.\" >&2\n    exit 1\nfi\n";
			showEnvVarsInLog = 0;
		};
		1128BE9385B8271920FE4E9D /* [CP] Copy Pods Resources */ = {
			isa = PBXShellScriptBuildPhase;
			buildActionMask = 2147483647;
			files = (
			);
			inputPaths = (
			);
			name = "[CP] Copy Pods Resources";
			outputPaths = (
			);
			runOnlyForDeploymentPostprocessing = 0;
			shellPath = /bin/sh;
			shellScript = "\"${SRCROOT}/Pods/Target Support Files/Pods-AniRoll/Pods-AniRoll-resources.sh\"\n";
			showEnvVarsInLog = 0;
		};
		26A41550867BBF7DDBB7FCFE /* [CP] Copy Pods Resources */ = {
			isa = PBXShellScriptBuildPhase;
			buildActionMask = 2147483647;
			files = (
			);
			inputPaths = (
			);
			name = "[CP] Copy Pods Resources";
			outputPaths = (
			);
			runOnlyForDeploymentPostprocessing = 0;
			shellPath = /bin/sh;
			shellScript = "\"${SRCROOT}/Pods/Target Support Files/Pods-AniRollTests/Pods-AniRollTests-resources.sh\"\n";
			showEnvVarsInLog = 0;
		};
		3CAF3C5F70F924EFBFF2A6B6 /* [CP] Check Pods Manifest.lock */ = {
			isa = PBXShellScriptBuildPhase;
			buildActionMask = 2147483647;
			files = (
			);
			inputPaths = (
			);
			name = "[CP] Check Pods Manifest.lock";
			outputPaths = (
			);
			runOnlyForDeploymentPostprocessing = 0;
			shellPath = /bin/sh;
			shellScript = "diff \"${PODS_PODFILE_DIR_PATH}/Podfile.lock\" \"${PODS_ROOT}/Manifest.lock\" > /dev/null\nif [ $? != 0 ] ; then\n    # print error to STDERR\n    echo \"error: The sandbox is not in sync with the Podfile.lock. Run 'pod install' or update your CocoaPods installation.\" >&2\n    exit 1\nfi\n";
			showEnvVarsInLog = 0;
		};
		3FD2044FEA3B9466889631A7 /* [CP] Embed Pods Frameworks */ = {
			isa = PBXShellScriptBuildPhase;
			buildActionMask = 2147483647;
			files = (
			);
			inputPaths = (
			);
			name = "[CP] Embed Pods Frameworks";
			outputPaths = (
			);
			runOnlyForDeploymentPostprocessing = 0;
			shellPath = /bin/sh;
			shellScript = "\"${SRCROOT}/Pods/Target Support Files/Pods-AniRollTests/Pods-AniRollTests-frameworks.sh\"\n";
			showEnvVarsInLog = 0;
		};
		709693FD3164FFC2FBD1A4F2 /* [CP] Copy Pods Resources */ = {
			isa = PBXShellScriptBuildPhase;
			buildActionMask = 2147483647;
			files = (
			);
			inputPaths = (
			);
			name = "[CP] Copy Pods Resources";
			outputPaths = (
			);
			runOnlyForDeploymentPostprocessing = 0;
			shellPath = /bin/sh;
			shellScript = "\"${SRCROOT}/Pods/Target Support Files/Pods-AniRollUITests/Pods-AniRollUITests-resources.sh\"\n";
			showEnvVarsInLog = 0;
		};
		93948B11069913288A8D212D /* [CP] Embed Pods Frameworks */ = {
			isa = PBXShellScriptBuildPhase;
			buildActionMask = 2147483647;
			files = (
			);
			inputPaths = (
			);
			name = "[CP] Embed Pods Frameworks";
			outputPaths = (
			);
			runOnlyForDeploymentPostprocessing = 0;
			shellPath = /bin/sh;
			shellScript = "\"${SRCROOT}/Pods/Target Support Files/Pods-AniRollUITests/Pods-AniRollUITests-frameworks.sh\"\n";
			showEnvVarsInLog = 0;
		};
		9EF6ADC756928818441DFB52 /* [CP] Embed Pods Frameworks */ = {
			isa = PBXShellScriptBuildPhase;
			buildActionMask = 2147483647;
			files = (
			);
			inputPaths = (
			);
			name = "[CP] Embed Pods Frameworks";
			outputPaths = (
			);
			runOnlyForDeploymentPostprocessing = 0;
			shellPath = /bin/sh;
			shellScript = "\"${SRCROOT}/Pods/Target Support Files/Pods-AniRoll/Pods-AniRoll-frameworks.sh\"\n";
			showEnvVarsInLog = 0;
		};
		B0B373852D8105F8D13676F6 /* [CP] Check Pods Manifest.lock */ = {
			isa = PBXShellScriptBuildPhase;
			buildActionMask = 2147483647;
			files = (
			);
			inputPaths = (
			);
			name = "[CP] Check Pods Manifest.lock";
			outputPaths = (
			);
			runOnlyForDeploymentPostprocessing = 0;
			shellPath = /bin/sh;
			shellScript = "diff \"${PODS_PODFILE_DIR_PATH}/Podfile.lock\" \"${PODS_ROOT}/Manifest.lock\" > /dev/null\nif [ $? != 0 ] ; then\n    # print error to STDERR\n    echo \"error: The sandbox is not in sync with the Podfile.lock. Run 'pod install' or update your CocoaPods installation.\" >&2\n    exit 1\nfi\n";
			showEnvVarsInLog = 0;
		};
/* End PBXShellScriptBuildPhase section */

/* Begin PBXSourcesBuildPhase section */
		2C73CB6E1FB601CE00733C0D /* Sources */ = {
			isa = PBXSourcesBuildPhase;
			buildActionMask = 2147483647;
			files = (
				2C8867F31FBA76A000CB63C3 /* Anime.swift in Sources */,
				2C8867DB1FBA5BFB00CB63C3 /* User.swift in Sources */,
				2C73FE561FC4D4F500D7BAFD /* MainLoadingActivity.swift in Sources */,
				2C4AA0BA1FC884A100FFEEC7 /* Genre.swift in Sources */,
				2C8867E71FBA6F9F00CB63C3 /* Status.swift in Sources */,
				2C73FE4D1FC4A03600D7BAFD /* WSUserLists.swift in Sources */,
				2C73FE501FC4C2F700D7BAFD /* LoginViewTextFields.swift in Sources */,
				2C1C8F3D1FBE654D00EBC638 /* WSReviews.swift in Sources */,
				2C1C8F371FBE5FCB00EBC638 /* WSCharacters.swift in Sources */,
				2C73FE711FC66BBC00D7BAFD /* DashboardViewController.swift in Sources */,
				2C8867E11FBA6B4400CB63C3 /* ListStats.swift in Sources */,
				2C8867EB1FBA717D00CB63C3 /* Character.swift in Sources */,
				2C6AA7251FB63359009E5468 /* LoginViewController.swift in Sources */,
				2C8867F11FBA751200CB63C3 /* Review.swift in Sources */,
				2C1C8F2E1FBD00E400EBC638 /* WSAuthentication.swift in Sources */,
				2C73FE6C1FC642B700D7BAFD /* MainViewScrollView.swift in Sources */,
				2C1C8F3B1FBE641A00EBC638 /* WSStudio.swift in Sources */,
				2C8867EF1FBA72EC00CB63C3 /* Studio.swift in Sources */,
				2C73FE671FC50F5F00D7BAFD /* SocialViewController.swift in Sources */,
				2C73FE641FC50F3E00D7BAFD /* MangaViewController.swift in Sources */,
				2C73CB781FB601CE00733C0D /* ViewController.swift in Sources */,
				2C1C8F3F1FBE6E7100EBC638 /* WSForum.swift in Sources */,
				2C8867F51FBA78E600CB63C3 /* Manga.swift in Sources */,
				2C1C8F331FBDFA3400EBC638 /* Serie.swift in Sources */,
				2C1C8F431FBE772600EBC638 /* Thread.swift in Sources */,
				2C1C8F2C1FBCFC9200EBC638 /* WSBase.swift in Sources */,
				2C8867E51FBA6E5500CB63C3 /* Media.swift in Sources */,
				2C73CB761FB601CE00733C0D /* AppDelegate.swift in Sources */,
				2C8867E91FBA70FD00CB63C3 /* AnimeSource.swift in Sources */,
				2C8867E31FBA6B9300CB63C3 /* ScoreDistribution.swift in Sources */,
				2C1C8F321FBD242B00EBC638 /* WSUser.swift in Sources */,
				2C1C8F351FBE1F7900EBC638 /* WSSeries.swift in Sources */,
				2C8867ED1FBA726B00CB63C3 /* Staff.swift in Sources */,
				2C73FE6F1FC662A300D7BAFD /* MenuViewController.swift in Sources */,
				2C73FE5B1FC4F1ED00D7BAFD /* AlertController.swift in Sources */,
				2C1C8F451FBE7AC700EBC638 /* Comment.swift in Sources */,
				2C1C8F411FBE6ED100EBC638 /* Tag.swift in Sources */,
				2C8867DD1FBA685C00CB63C3 /* StringObject.swift in Sources */,
				2C1C8F391FBE624F00EBC638 /* WSStaff.swift in Sources */,
				2C4AA0BC1FC8B21A00FFEEC7 /* SerieCollectionViewCell.swift in Sources */,
				2C73FE521FC4D22000D7BAFD /* Extensions.swift in Sources */,
				2C73FE591FC4ED8700D7BAFD /* App.swift in Sources */,
				2C73FE611FC50EDB00D7BAFD /* AnimeViewController.swift in Sources */,
				2C73FE6A1FC5EAA500D7BAFD /* MainViewController.swift in Sources */,
				2C98D4261FC79FB900284052 /* AccessToken.swift in Sources */,
			);
			runOnlyForDeploymentPostprocessing = 0;
		};
		2C73CB821FB601CE00733C0D /* Sources */ = {
			isa = PBXSourcesBuildPhase;
			buildActionMask = 2147483647;
			files = (
				2C73CB8B1FB601CE00733C0D /* AniRollTests.swift in Sources */,
			);
			runOnlyForDeploymentPostprocessing = 0;
		};
		2C73CB8D1FB601CE00733C0D /* Sources */ = {
			isa = PBXSourcesBuildPhase;
			buildActionMask = 2147483647;
			files = (
				2C73CB961FB601CE00733C0D /* AniRollUITests.swift in Sources */,
			);
			runOnlyForDeploymentPostprocessing = 0;
		};
/* End PBXSourcesBuildPhase section */

/* Begin PBXTargetDependency section */
		2C73CB881FB601CE00733C0D /* PBXTargetDependency */ = {
			isa = PBXTargetDependency;
			target = 2C73CB711FB601CE00733C0D /* AniRoll */;
			targetProxy = 2C73CB871FB601CE00733C0D /* PBXContainerItemProxy */;
		};
		2C73CB931FB601CE00733C0D /* PBXTargetDependency */ = {
			isa = PBXTargetDependency;
			target = 2C73CB711FB601CE00733C0D /* AniRoll */;
			targetProxy = 2C73CB921FB601CE00733C0D /* PBXContainerItemProxy */;
		};
/* End PBXTargetDependency section */

/* Begin PBXVariantGroup section */
		2C73CB791FB601CE00733C0D /* Main.storyboard */ = {
			isa = PBXVariantGroup;
			children = (
				2C73CB7A1FB601CE00733C0D /* Base */,
			);
			name = Main.storyboard;
			sourceTree = "<group>";
		};
		2C73CB7E1FB601CE00733C0D /* LaunchScreen.storyboard */ = {
			isa = PBXVariantGroup;
			children = (
				2C73CB7F1FB601CE00733C0D /* Base */,
			);
			name = LaunchScreen.storyboard;
			sourceTree = "<group>";
		};
/* End PBXVariantGroup section */

/* Begin XCBuildConfiguration section */
		2C73CB981FB601CE00733C0D /* Debug */ = {
			isa = XCBuildConfiguration;
			buildSettings = {
				ALWAYS_SEARCH_USER_PATHS = NO;
				CLANG_ANALYZER_NONNULL = YES;
				CLANG_ANALYZER_NUMBER_OBJECT_CONVERSION = YES_AGGRESSIVE;
				CLANG_CXX_LANGUAGE_STANDARD = "gnu++14";
				CLANG_CXX_LIBRARY = "libc++";
				CLANG_ENABLE_MODULES = YES;
				CLANG_ENABLE_OBJC_ARC = YES;
				CLANG_WARN_BLOCK_CAPTURE_AUTORELEASING = YES;
				CLANG_WARN_BOOL_CONVERSION = YES;
				CLANG_WARN_COMMA = YES;
				CLANG_WARN_CONSTANT_CONVERSION = YES;
				CLANG_WARN_DIRECT_OBJC_ISA_USAGE = YES_ERROR;
				CLANG_WARN_DOCUMENTATION_COMMENTS = YES;
				CLANG_WARN_EMPTY_BODY = YES;
				CLANG_WARN_ENUM_CONVERSION = YES;
				CLANG_WARN_INFINITE_RECURSION = YES;
				CLANG_WARN_INT_CONVERSION = YES;
				CLANG_WARN_NON_LITERAL_NULL_CONVERSION = YES;
				CLANG_WARN_OBJC_LITERAL_CONVERSION = YES;
				CLANG_WARN_OBJC_ROOT_CLASS = YES_ERROR;
				CLANG_WARN_RANGE_LOOP_ANALYSIS = YES;
				CLANG_WARN_STRICT_PROTOTYPES = YES;
				CLANG_WARN_SUSPICIOUS_MOVE = YES;
				CLANG_WARN_UNGUARDED_AVAILABILITY = YES_AGGRESSIVE;
				CLANG_WARN_UNREACHABLE_CODE = YES;
				CLANG_WARN__DUPLICATE_METHOD_MATCH = YES;
				CODE_SIGN_IDENTITY = "iPhone Developer";
				COPY_PHASE_STRIP = NO;
				DEBUG_INFORMATION_FORMAT = dwarf;
				ENABLE_STRICT_OBJC_MSGSEND = YES;
				ENABLE_TESTABILITY = YES;
				GCC_C_LANGUAGE_STANDARD = gnu11;
				GCC_DYNAMIC_NO_PIC = NO;
				GCC_NO_COMMON_BLOCKS = YES;
				GCC_OPTIMIZATION_LEVEL = 0;
				GCC_PREPROCESSOR_DEFINITIONS = (
					"DEBUG=1",
					"$(inherited)",
				);
				GCC_WARN_64_TO_32_BIT_CONVERSION = YES;
				GCC_WARN_ABOUT_RETURN_TYPE = YES_ERROR;
				GCC_WARN_UNDECLARED_SELECTOR = YES;
				GCC_WARN_UNINITIALIZED_AUTOS = YES_AGGRESSIVE;
				GCC_WARN_UNUSED_FUNCTION = YES;
				GCC_WARN_UNUSED_VARIABLE = YES;
				IPHONEOS_DEPLOYMENT_TARGET = 11.1;
				MTL_ENABLE_DEBUG_INFO = YES;
				ONLY_ACTIVE_ARCH = YES;
				SDKROOT = iphoneos;
				SWIFT_ACTIVE_COMPILATION_CONDITIONS = DEBUG;
				SWIFT_OPTIMIZATION_LEVEL = "-Onone";
			};
			name = Debug;
		};
		2C73CB991FB601CE00733C0D /* Release */ = {
			isa = XCBuildConfiguration;
			buildSettings = {
				ALWAYS_SEARCH_USER_PATHS = NO;
				CLANG_ANALYZER_NONNULL = YES;
				CLANG_ANALYZER_NUMBER_OBJECT_CONVERSION = YES_AGGRESSIVE;
				CLANG_CXX_LANGUAGE_STANDARD = "gnu++14";
				CLANG_CXX_LIBRARY = "libc++";
				CLANG_ENABLE_MODULES = YES;
				CLANG_ENABLE_OBJC_ARC = YES;
				CLANG_WARN_BLOCK_CAPTURE_AUTORELEASING = YES;
				CLANG_WARN_BOOL_CONVERSION = YES;
				CLANG_WARN_COMMA = YES;
				CLANG_WARN_CONSTANT_CONVERSION = YES;
				CLANG_WARN_DIRECT_OBJC_ISA_USAGE = YES_ERROR;
				CLANG_WARN_DOCUMENTATION_COMMENTS = YES;
				CLANG_WARN_EMPTY_BODY = YES;
				CLANG_WARN_ENUM_CONVERSION = YES;
				CLANG_WARN_INFINITE_RECURSION = YES;
				CLANG_WARN_INT_CONVERSION = YES;
				CLANG_WARN_NON_LITERAL_NULL_CONVERSION = YES;
				CLANG_WARN_OBJC_LITERAL_CONVERSION = YES;
				CLANG_WARN_OBJC_ROOT_CLASS = YES_ERROR;
				CLANG_WARN_RANGE_LOOP_ANALYSIS = YES;
				CLANG_WARN_STRICT_PROTOTYPES = YES;
				CLANG_WARN_SUSPICIOUS_MOVE = YES;
				CLANG_WARN_UNGUARDED_AVAILABILITY = YES_AGGRESSIVE;
				CLANG_WARN_UNREACHABLE_CODE = YES;
				CLANG_WARN__DUPLICATE_METHOD_MATCH = YES;
				CODE_SIGN_IDENTITY = "iPhone Developer";
				COPY_PHASE_STRIP = NO;
				DEBUG_INFORMATION_FORMAT = "dwarf-with-dsym";
				ENABLE_NS_ASSERTIONS = NO;
				ENABLE_STRICT_OBJC_MSGSEND = YES;
				GCC_C_LANGUAGE_STANDARD = gnu11;
				GCC_NO_COMMON_BLOCKS = YES;
				GCC_WARN_64_TO_32_BIT_CONVERSION = YES;
				GCC_WARN_ABOUT_RETURN_TYPE = YES_ERROR;
				GCC_WARN_UNDECLARED_SELECTOR = YES;
				GCC_WARN_UNINITIALIZED_AUTOS = YES_AGGRESSIVE;
				GCC_WARN_UNUSED_FUNCTION = YES;
				GCC_WARN_UNUSED_VARIABLE = YES;
				IPHONEOS_DEPLOYMENT_TARGET = 11.1;
				MTL_ENABLE_DEBUG_INFO = NO;
				SDKROOT = iphoneos;
				SWIFT_OPTIMIZATION_LEVEL = "-Owholemodule";
				VALIDATE_PRODUCT = YES;
			};
			name = Release;
		};
		2C73CB9B1FB601CE00733C0D /* Debug */ = {
			isa = XCBuildConfiguration;
			baseConfigurationReference = 4C93CD9042BA2BAF3C7F4B56 /* Pods-AniRoll.debug.xcconfig */;
			buildSettings = {
				ASSETCATALOG_COMPILER_APPICON_NAME = AppIcon;
				CODE_SIGN_STYLE = Automatic;
				DEVELOPMENT_TEAM = Z6W9JT2TG2;
				INFOPLIST_FILE = AniRoll/Info.plist;
				IPHONEOS_DEPLOYMENT_TARGET = 10.0;
				LD_RUNPATH_SEARCH_PATHS = "$(inherited) @executable_path/Frameworks";
				PRODUCT_BUNDLE_IDENTIFIER = net.mavels.AniRoll;
				PRODUCT_NAME = "$(TARGET_NAME)";
				SWIFT_VERSION = 4.0;
				TARGETED_DEVICE_FAMILY = 1;
			};
			name = Debug;
		};
		2C73CB9C1FB601CE00733C0D /* Release */ = {
			isa = XCBuildConfiguration;
			baseConfigurationReference = C2AD5F61FCD176194A8FEE78 /* Pods-AniRoll.release.xcconfig */;
			buildSettings = {
				ASSETCATALOG_COMPILER_APPICON_NAME = AppIcon;
				CODE_SIGN_STYLE = Automatic;
				DEVELOPMENT_TEAM = Z6W9JT2TG2;
				INFOPLIST_FILE = AniRoll/Info.plist;
				IPHONEOS_DEPLOYMENT_TARGET = 10.0;
				LD_RUNPATH_SEARCH_PATHS = "$(inherited) @executable_path/Frameworks";
				PRODUCT_BUNDLE_IDENTIFIER = net.mavels.AniRoll;
				PRODUCT_NAME = "$(TARGET_NAME)";
				SWIFT_VERSION = 4.0;
				TARGETED_DEVICE_FAMILY = 1;
			};
			name = Release;
		};
		2C73CB9E1FB601CE00733C0D /* Debug */ = {
			isa = XCBuildConfiguration;
			baseConfigurationReference = 2C057DE6F152AD972954064E /* Pods-AniRollTests.debug.xcconfig */;
			buildSettings = {
				ALWAYS_EMBED_SWIFT_STANDARD_LIBRARIES = YES;
				BUNDLE_LOADER = "$(TEST_HOST)";
				CODE_SIGN_STYLE = Automatic;
				DEVELOPMENT_TEAM = Z6W9JT2TG2;
				INFOPLIST_FILE = AniRollTests/Info.plist;
				LD_RUNPATH_SEARCH_PATHS = "$(inherited) @executable_path/Frameworks @loader_path/Frameworks";
				PRODUCT_BUNDLE_IDENTIFIER = net.mavels.AniRollTests;
				PRODUCT_NAME = "$(TARGET_NAME)";
				SWIFT_VERSION = 4.0;
				TARGETED_DEVICE_FAMILY = "1,2";
				TEST_HOST = "$(BUILT_PRODUCTS_DIR)/AniRoll.app/AniRoll";
			};
			name = Debug;
		};
		2C73CB9F1FB601CE00733C0D /* Release */ = {
			isa = XCBuildConfiguration;
			baseConfigurationReference = D23A395B932536D014770629 /* Pods-AniRollTests.release.xcconfig */;
			buildSettings = {
				ALWAYS_EMBED_SWIFT_STANDARD_LIBRARIES = YES;
				BUNDLE_LOADER = "$(TEST_HOST)";
				CODE_SIGN_STYLE = Automatic;
				DEVELOPMENT_TEAM = Z6W9JT2TG2;
				INFOPLIST_FILE = AniRollTests/Info.plist;
				LD_RUNPATH_SEARCH_PATHS = "$(inherited) @executable_path/Frameworks @loader_path/Frameworks";
				PRODUCT_BUNDLE_IDENTIFIER = net.mavels.AniRollTests;
				PRODUCT_NAME = "$(TARGET_NAME)";
				SWIFT_VERSION = 4.0;
				TARGETED_DEVICE_FAMILY = "1,2";
				TEST_HOST = "$(BUILT_PRODUCTS_DIR)/AniRoll.app/AniRoll";
			};
			name = Release;
		};
		2C73CBA11FB601CE00733C0D /* Debug */ = {
			isa = XCBuildConfiguration;
			baseConfigurationReference = 91F76130F5042D59414991B5 /* Pods-AniRollUITests.debug.xcconfig */;
			buildSettings = {
				ALWAYS_EMBED_SWIFT_STANDARD_LIBRARIES = YES;
				CODE_SIGN_STYLE = Automatic;
				DEVELOPMENT_TEAM = Z6W9JT2TG2;
				INFOPLIST_FILE = AniRollUITests/Info.plist;
				LD_RUNPATH_SEARCH_PATHS = "$(inherited) @executable_path/Frameworks @loader_path/Frameworks";
				PRODUCT_BUNDLE_IDENTIFIER = net.mavels.AniRollUITests;
				PRODUCT_NAME = "$(TARGET_NAME)";
				SWIFT_VERSION = 4.0;
				TARGETED_DEVICE_FAMILY = "1,2";
				TEST_TARGET_NAME = AniRoll;
			};
			name = Debug;
		};
		2C73CBA21FB601CE00733C0D /* Release */ = {
			isa = XCBuildConfiguration;
			baseConfigurationReference = B22783C359B906827A811711 /* Pods-AniRollUITests.release.xcconfig */;
			buildSettings = {
				ALWAYS_EMBED_SWIFT_STANDARD_LIBRARIES = YES;
				CODE_SIGN_STYLE = Automatic;
				DEVELOPMENT_TEAM = Z6W9JT2TG2;
				INFOPLIST_FILE = AniRollUITests/Info.plist;
				LD_RUNPATH_SEARCH_PATHS = "$(inherited) @executable_path/Frameworks @loader_path/Frameworks";
				PRODUCT_BUNDLE_IDENTIFIER = net.mavels.AniRollUITests;
				PRODUCT_NAME = "$(TARGET_NAME)";
				SWIFT_VERSION = 4.0;
				TARGETED_DEVICE_FAMILY = "1,2";
				TEST_TARGET_NAME = AniRoll;
			};
			name = Release;
		};
/* End XCBuildConfiguration section */

/* Begin XCConfigurationList section */
		2C73CB6D1FB601CE00733C0D /* Build configuration list for PBXProject "AniRoll" */ = {
			isa = XCConfigurationList;
			buildConfigurations = (
				2C73CB981FB601CE00733C0D /* Debug */,
				2C73CB991FB601CE00733C0D /* Release */,
			);
			defaultConfigurationIsVisible = 0;
			defaultConfigurationName = Release;
		};
		2C73CB9A1FB601CE00733C0D /* Build configuration list for PBXNativeTarget "AniRoll" */ = {
			isa = XCConfigurationList;
			buildConfigurations = (
				2C73CB9B1FB601CE00733C0D /* Debug */,
				2C73CB9C1FB601CE00733C0D /* Release */,
			);
			defaultConfigurationIsVisible = 0;
			defaultConfigurationName = Release;
		};
		2C73CB9D1FB601CE00733C0D /* Build configuration list for PBXNativeTarget "AniRollTests" */ = {
			isa = XCConfigurationList;
			buildConfigurations = (
				2C73CB9E1FB601CE00733C0D /* Debug */,
				2C73CB9F1FB601CE00733C0D /* Release */,
			);
			defaultConfigurationIsVisible = 0;
			defaultConfigurationName = Release;
		};
		2C73CBA01FB601CE00733C0D /* Build configuration list for PBXNativeTarget "AniRollUITests" */ = {
			isa = XCConfigurationList;
			buildConfigurations = (
				2C73CBA11FB601CE00733C0D /* Debug */,
				2C73CBA21FB601CE00733C0D /* Release */,
			);
			defaultConfigurationIsVisible = 0;
			defaultConfigurationName = Release;
		};
/* End XCConfigurationList section */
	};
	rootObject = 2C73CB6A1FB601CE00733C0D /* Project object */;
}
